// !$*UTF8*$!
{
	archiveVersion = 1;
	classes = {
	};
	objectVersion = 56;
	objects = {

/* Begin PBXBuildFile section */
		0CC7B6852B574B37007D17B3 /* libios.a in Frameworks */ = {isa = PBXBuildFile; fileRef = 0CFA35F72B57479F0035DCD9 /* libios.a */; };
		0CC7B6862B574DAF007D17B3 /* SwiftBridgeCore.swift in Sources */ = {isa = PBXBuildFile; fileRef = 0C383F2C2B574A7C0090005D /* SwiftBridgeCore.swift */; };
		0CC7B68D2B574E43007D17B3 /* ios.swift in Sources */ = {isa = PBXBuildFile; fileRef = 0CC7B68C2B574E3E007D17B3 /* ios.swift */; };
		0CFA35CB2B5744A30035DCD9 /* TodoListApp.swift in Sources */ = {isa = PBXBuildFile; fileRef = 0CFA35CA2B5744A30035DCD9 /* TodoListApp.swift */; };
		0CFA35CD2B5744A30035DCD9 /* ContentView.swift in Sources */ = {isa = PBXBuildFile; fileRef = 0CFA35CC2B5744A30035DCD9 /* ContentView.swift */; };
		0CFA35CF2B5744A40035DCD9 /* Assets.xcassets in Resources */ = {isa = PBXBuildFile; fileRef = 0CFA35CE2B5744A40035DCD9 /* Assets.xcassets */; };
		0CFA35D22B5744A40035DCD9 /* Preview Assets.xcassets in Resources */ = {isa = PBXBuildFile; fileRef = 0CFA35D12B5744A40035DCD9 /* Preview Assets.xcassets */; };
		0CFA35DC2B5744A40035DCD9 /* TodoListTests.swift in Sources */ = {isa = PBXBuildFile; fileRef = 0CFA35DB2B5744A40035DCD9 /* TodoListTests.swift */; };
		0CFA35E62B5744A40035DCD9 /* TodoListUITests.swift in Sources */ = {isa = PBXBuildFile; fileRef = 0CFA35E52B5744A40035DCD9 /* TodoListUITests.swift */; };
		0CFA35E82B5744A40035DCD9 /* TodoListUITestsLaunchTests.swift in Sources */ = {isa = PBXBuildFile; fileRef = 0CFA35E72B5744A40035DCD9 /* TodoListUITestsLaunchTests.swift */; };
/* End PBXBuildFile section */

/* Begin PBXContainerItemProxy section */
		0CFA35D82B5744A40035DCD9 /* PBXContainerItemProxy */ = {
			isa = PBXContainerItemProxy;
			containerPortal = 0CFA35BF2B5744A30035DCD9 /* Project object */;
			proxyType = 1;
			remoteGlobalIDString = 0CFA35C62B5744A30035DCD9;
			remoteInfo = TodoList;
		};
		0CFA35E22B5744A40035DCD9 /* PBXContainerItemProxy */ = {
			isa = PBXContainerItemProxy;
			containerPortal = 0CFA35BF2B5744A30035DCD9 /* Project object */;
			proxyType = 1;
			remoteGlobalIDString = 0CFA35C62B5744A30035DCD9;
			remoteInfo = TodoList;
		};
/* End PBXContainerItemProxy section */

/* Begin PBXFileReference section */
		0C383F2A2B574A4F0090005D /* libios.a */ = {isa = PBXFileReference; lastKnownFileType = archive.ar; name = libios.a; path = "../../../target/x86_64-apple-ios/debug/libios.a"; sourceTree = "<group>"; };
		0C383F2C2B574A7C0090005D /* SwiftBridgeCore.swift */ = {isa = PBXFileReference; lastKnownFileType = sourcecode.swift; name = SwiftBridgeCore.swift; path = Generated/SwiftBridgeCore.swift; sourceTree = "<group>"; };
		0C383F2D2B574A7C0090005D /* SwiftBridgeCore.h */ = {isa = PBXFileReference; lastKnownFileType = sourcecode.c.h; name = SwiftBridgeCore.h; path = Generated/SwiftBridgeCore.h; sourceTree = "<group>"; };
		0CC7B68B2B574E3E007D17B3 /* ios.h */ = {isa = PBXFileReference; lastKnownFileType = sourcecode.c.h; name = ios.h; path = Generated/ios/ios.h; sourceTree = "<group>"; };
		0CC7B68C2B574E3E007D17B3 /* ios.swift */ = {isa = PBXFileReference; lastKnownFileType = sourcecode.swift; name = ios.swift; path = Generated/ios/ios.swift; sourceTree = "<group>"; };
		0CFA35C72B5744A30035DCD9 /* TodoList.app */ = {isa = PBXFileReference; explicitFileType = wrapper.application; includeInIndex = 0; path = TodoList.app; sourceTree = BUILT_PRODUCTS_DIR; };
		0CFA35CA2B5744A30035DCD9 /* TodoListApp.swift */ = {isa = PBXFileReference; lastKnownFileType = sourcecode.swift; path = TodoListApp.swift; sourceTree = "<group>"; };
		0CFA35CC2B5744A30035DCD9 /* ContentView.swift */ = {isa = PBXFileReference; lastKnownFileType = sourcecode.swift; path = ContentView.swift; sourceTree = "<group>"; };
		0CFA35CE2B5744A40035DCD9 /* Assets.xcassets */ = {isa = PBXFileReference; lastKnownFileType = folder.assetcatalog; path = Assets.xcassets; sourceTree = "<group>"; };
		0CFA35D12B5744A40035DCD9 /* Preview Assets.xcassets */ = {isa = PBXFileReference; lastKnownFileType = folder.assetcatalog; path = "Preview Assets.xcassets"; sourceTree = "<group>"; };
		0CFA35D72B5744A40035DCD9 /* TodoListTests.xctest */ = {isa = PBXFileReference; explicitFileType = wrapper.cfbundle; includeInIndex = 0; path = TodoListTests.xctest; sourceTree = BUILT_PRODUCTS_DIR; };
		0CFA35DB2B5744A40035DCD9 /* TodoListTests.swift */ = {isa = PBXFileReference; lastKnownFileType = sourcecode.swift; path = TodoListTests.swift; sourceTree = "<group>"; };
		0CFA35E12B5744A40035DCD9 /* TodoListUITests.xctest */ = {isa = PBXFileReference; explicitFileType = wrapper.cfbundle; includeInIndex = 0; path = TodoListUITests.xctest; sourceTree = BUILT_PRODUCTS_DIR; };
		0CFA35E52B5744A40035DCD9 /* TodoListUITests.swift */ = {isa = PBXFileReference; lastKnownFileType = sourcecode.swift; path = TodoListUITests.swift; sourceTree = "<group>"; };
		0CFA35E72B5744A40035DCD9 /* TodoListUITestsLaunchTests.swift */ = {isa = PBXFileReference; lastKnownFileType = sourcecode.swift; path = TodoListUITestsLaunchTests.swift; sourceTree = "<group>"; };
		0CFA35F52B5745440035DCD9 /* BridgingHeader.h */ = {isa = PBXFileReference; lastKnownFileType = sourcecode.c.h; path = BridgingHeader.h; sourceTree = "<group>"; };
		0CFA35F72B57479F0035DCD9 /* libios.a */ = {isa = PBXFileReference; lastKnownFileType = archive.ar; name = libios.a; path = ../../../target/universal/debug/libios.a; sourceTree = "<group>"; };
		0CFA35FA2B574A080035DCD9 /* libios.a */ = {isa = PBXFileReference; lastKnownFileType = archive.ar; name = libios.a; path = "../../../target/aarch64-apple-ios/debug/libios.a"; sourceTree = "<group>"; };
/* End PBXFileReference section */

/* Begin PBXFrameworksBuildPhase section */
		0CFA35C42B5744A30035DCD9 /* Frameworks */ = {
			isa = PBXFrameworksBuildPhase;
			buildActionMask = 2147483647;
			files = (
				0CC7B6852B574B37007D17B3 /* libios.a in Frameworks */,
			);
			runOnlyForDeploymentPostprocessing = 0;
		};
		0CFA35D42B5744A40035DCD9 /* Frameworks */ = {
			isa = PBXFrameworksBuildPhase;
			buildActionMask = 2147483647;
			files = (
			);
			runOnlyForDeploymentPostprocessing = 0;
		};
		0CFA35DE2B5744A40035DCD9 /* Frameworks */ = {
			isa = PBXFrameworksBuildPhase;
			buildActionMask = 2147483647;
			files = (
			);
			runOnlyForDeploymentPostprocessing = 0;
		};
/* End PBXFrameworksBuildPhase section */

/* Begin PBXGroup section */
		0CFA35BE2B5744A30035DCD9 = {
			isa = PBXGroup;
			children = (
				0CC7B68B2B574E3E007D17B3 /* ios.h */,
				0CC7B68C2B574E3E007D17B3 /* ios.swift */,
				0C383F2D2B574A7C0090005D /* SwiftBridgeCore.h */,
				0C383F2C2B574A7C0090005D /* SwiftBridgeCore.swift */,
				0CFA35F52B5745440035DCD9 /* BridgingHeader.h */,
				0CFA35C92B5744A30035DCD9 /* TodoList */,
				0CFA35DA2B5744A40035DCD9 /* TodoListTests */,
				0CFA35E42B5744A40035DCD9 /* TodoListUITests */,
				0CFA35C82B5744A30035DCD9 /* Products */,
				0CFA35F62B57479F0035DCD9 /* Frameworks */,
			);
			sourceTree = "<group>";
		};
		0CFA35C82B5744A30035DCD9 /* Products */ = {
			isa = PBXGroup;
			children = (
				0CFA35C72B5744A30035DCD9 /* TodoList.app */,
				0CFA35D72B5744A40035DCD9 /* TodoListTests.xctest */,
				0CFA35E12B5744A40035DCD9 /* TodoListUITests.xctest */,
			);
			name = Products;
			sourceTree = "<group>";
		};
		0CFA35C92B5744A30035DCD9 /* TodoList */ = {
			isa = PBXGroup;
			children = (
				0CFA35CA2B5744A30035DCD9 /* TodoListApp.swift */,
				0CFA35CC2B5744A30035DCD9 /* ContentView.swift */,
				0CFA35CE2B5744A40035DCD9 /* Assets.xcassets */,
				0CFA35D02B5744A40035DCD9 /* Preview Content */,
			);
			path = TodoList;
			sourceTree = "<group>";
		};
		0CFA35D02B5744A40035DCD9 /* Preview Content */ = {
			isa = PBXGroup;
			children = (
				0CFA35D12B5744A40035DCD9 /* Preview Assets.xcassets */,
			);
			path = "Preview Content";
			sourceTree = "<group>";
		};
		0CFA35DA2B5744A40035DCD9 /* TodoListTests */ = {
			isa = PBXGroup;
			children = (
				0CFA35DB2B5744A40035DCD9 /* TodoListTests.swift */,
			);
			path = TodoListTests;
			sourceTree = "<group>";
		};
		0CFA35E42B5744A40035DCD9 /* TodoListUITests */ = {
			isa = PBXGroup;
			children = (
				0CFA35E52B5744A40035DCD9 /* TodoListUITests.swift */,
				0CFA35E72B5744A40035DCD9 /* TodoListUITestsLaunchTests.swift */,
			);
			path = TodoListUITests;
			sourceTree = "<group>";
		};
		0CFA35F62B57479F0035DCD9 /* Frameworks */ = {
			isa = PBXGroup;
			children = (
				0C383F2A2B574A4F0090005D /* libios.a */,
				0CFA35FA2B574A080035DCD9 /* libios.a */,
				0CFA35F72B57479F0035DCD9 /* libios.a */,
			);
			name = Frameworks;
			sourceTree = "<group>";
		};
/* End PBXGroup section */

/* Begin PBXNativeTarget section */
		0CFA35C62B5744A30035DCD9 /* TodoList */ = {
			isa = PBXNativeTarget;
			buildConfigurationList = 0CFA35EB2B5744A40035DCD9 /* Build configuration list for PBXNativeTarget "TodoList" */;
			buildPhases = (
				0CFA35C32B5744A30035DCD9 /* Sources */,
				0CFA35C42B5744A30035DCD9 /* Frameworks */,
				0CFA35C52B5744A30035DCD9 /* Resources */,
				0CFA35F42B5744F50035DCD9 /* ShellScript */,
			);
			buildRules = (
			);
			dependencies = (
			);
			name = TodoList;
			productName = TodoList;
			productReference = 0CFA35C72B5744A30035DCD9 /* TodoList.app */;
			productType = "com.apple.product-type.application";
		};
		0CFA35D62B5744A40035DCD9 /* TodoListTests */ = {
			isa = PBXNativeTarget;
			buildConfigurationList = 0CFA35EE2B5744A40035DCD9 /* Build configuration list for PBXNativeTarget "TodoListTests" */;
			buildPhases = (
				0CFA35D32B5744A40035DCD9 /* Sources */,
				0CFA35D42B5744A40035DCD9 /* Frameworks */,
				0CFA35D52B5744A40035DCD9 /* Resources */,
			);
			buildRules = (
			);
			dependencies = (
				0CFA35D92B5744A40035DCD9 /* PBXTargetDependency */,
			);
			name = TodoListTests;
			productName = TodoListTests;
			productReference = 0CFA35D72B5744A40035DCD9 /* TodoListTests.xctest */;
			productType = "com.apple.product-type.bundle.unit-test";
		};
		0CFA35E02B5744A40035DCD9 /* TodoListUITests */ = {
			isa = PBXNativeTarget;
			buildConfigurationList = 0CFA35F12B5744A40035DCD9 /* Build configuration list for PBXNativeTarget "TodoListUITests" */;
			buildPhases = (
				0CFA35DD2B5744A40035DCD9 /* Sources */,
				0CFA35DE2B5744A40035DCD9 /* Frameworks */,
				0CFA35DF2B5744A40035DCD9 /* Resources */,
			);
			buildRules = (
			);
			dependencies = (
				0CFA35E32B5744A40035DCD9 /* PBXTargetDependency */,
			);
			name = TodoListUITests;
			productName = TodoListUITests;
			productReference = 0CFA35E12B5744A40035DCD9 /* TodoListUITests.xctest */;
			productType = "com.apple.product-type.bundle.ui-testing";
		};
/* End PBXNativeTarget section */

/* Begin PBXProject section */
		0CFA35BF2B5744A30035DCD9 /* Project object */ = {
			isa = PBXProject;
			attributes = {
				BuildIndependentTargetsInParallel = 1;
				LastSwiftUpdateCheck = 1430;
				LastUpgradeCheck = 1430;
				TargetAttributes = {
					0CFA35C62B5744A30035DCD9 = {
						CreatedOnToolsVersion = 14.3.1;
					};
					0CFA35D62B5744A40035DCD9 = {
						CreatedOnToolsVersion = 14.3.1;
						TestTargetID = 0CFA35C62B5744A30035DCD9;
					};
					0CFA35E02B5744A40035DCD9 = {
						CreatedOnToolsVersion = 14.3.1;
						TestTargetID = 0CFA35C62B5744A30035DCD9;
					};
				};
			};
			buildConfigurationList = 0CFA35C22B5744A30035DCD9 /* Build configuration list for PBXProject "TodoList" */;
			compatibilityVersion = "Xcode 14.0";
			developmentRegion = en;
			hasScannedForEncodings = 0;
			knownRegions = (
				en,
				Base,
			);
			mainGroup = 0CFA35BE2B5744A30035DCD9;
			productRefGroup = 0CFA35C82B5744A30035DCD9 /* Products */;
			projectDirPath = "";
			projectRoot = "";
			targets = (
				0CFA35C62B5744A30035DCD9 /* TodoList */,
				0CFA35D62B5744A40035DCD9 /* TodoListTests */,
				0CFA35E02B5744A40035DCD9 /* TodoListUITests */,
			);
		};
/* End PBXProject section */

/* Begin PBXResourcesBuildPhase section */
		0CFA35C52B5744A30035DCD9 /* Resources */ = {
			isa = PBXResourcesBuildPhase;
			buildActionMask = 2147483647;
			files = (
				0CFA35D22B5744A40035DCD9 /* Preview Assets.xcassets in Resources */,
				0CFA35CF2B5744A40035DCD9 /* Assets.xcassets in Resources */,
			);
			runOnlyForDeploymentPostprocessing = 0;
		};
		0CFA35D52B5744A40035DCD9 /* Resources */ = {
			isa = PBXResourcesBuildPhase;
			buildActionMask = 2147483647;
			files = (
			);
			runOnlyForDeploymentPostprocessing = 0;
		};
		0CFA35DF2B5744A40035DCD9 /* Resources */ = {
			isa = PBXResourcesBuildPhase;
			buildActionMask = 2147483647;
			files = (
			);
			runOnlyForDeploymentPostprocessing = 0;
		};
/* End PBXResourcesBuildPhase section */

/* Begin PBXShellScriptBuildPhase section */
		0CFA35F42B5744F50035DCD9 /* ShellScript */ = {
			isa = PBXShellScriptBuildPhase;
			buildActionMask = 2147483647;
			files = (
			);
			inputFileListPaths = (
			);
			inputPaths = (
			);
			outputFileListPaths = (
			);
			outputPaths = (
			);
			runOnlyForDeploymentPostprocessing = 0;
			shellPath = /bin/sh;
			shellScript = "./build-rust.sh\n";
		};
/* End PBXShellScriptBuildPhase section */

/* Begin PBXSourcesBuildPhase section */
		0CFA35C32B5744A30035DCD9 /* Sources */ = {
			isa = PBXSourcesBuildPhase;
			buildActionMask = 2147483647;
			files = (
				0CC7B68D2B574E43007D17B3 /* ios.swift in Sources */,
				0CC7B6862B574DAF007D17B3 /* SwiftBridgeCore.swift in Sources */,
				0CFA35CD2B5744A30035DCD9 /* ContentView.swift in Sources */,
				0CFA35CB2B5744A30035DCD9 /* TodoListApp.swift in Sources */,
			);
			runOnlyForDeploymentPostprocessing = 0;
		};
		0CFA35D32B5744A40035DCD9 /* Sources */ = {
			isa = PBXSourcesBuildPhase;
			buildActionMask = 2147483647;
			files = (
				0CFA35DC2B5744A40035DCD9 /* TodoListTests.swift in Sources */,
			);
			runOnlyForDeploymentPostprocessing = 0;
		};
		0CFA35DD2B5744A40035DCD9 /* Sources */ = {
			isa = PBXSourcesBuildPhase;
			buildActionMask = 2147483647;
			files = (
				0CFA35E82B5744A40035DCD9 /* TodoListUITestsLaunchTests.swift in Sources */,
				0CFA35E62B5744A40035DCD9 /* TodoListUITests.swift in Sources */,
			);
			runOnlyForDeploymentPostprocessing = 0;
		};
/* End PBXSourcesBuildPhase section */

/* Begin PBXTargetDependency section */
		0CFA35D92B5744A40035DCD9 /* PBXTargetDependency */ = {
			isa = PBXTargetDependency;
			target = 0CFA35C62B5744A30035DCD9 /* TodoList */;
			targetProxy = 0CFA35D82B5744A40035DCD9 /* PBXContainerItemProxy */;
		};
		0CFA35E32B5744A40035DCD9 /* PBXTargetDependency */ = {
			isa = PBXTargetDependency;
			target = 0CFA35C62B5744A30035DCD9 /* TodoList */;
			targetProxy = 0CFA35E22B5744A40035DCD9 /* PBXContainerItemProxy */;
		};
/* End PBXTargetDependency section */

/* Begin XCBuildConfiguration section */
		0CFA35E92B5744A40035DCD9 /* Debug */ = {
			isa = XCBuildConfiguration;
			buildSettings = {
				ALWAYS_SEARCH_USER_PATHS = NO;
				CLANG_ANALYZER_NONNULL = YES;
				CLANG_ANALYZER_NUMBER_OBJECT_CONVERSION = YES_AGGRESSIVE;
				CLANG_CXX_LANGUAGE_STANDARD = "gnu++20";
				CLANG_ENABLE_MODULES = YES;
				CLANG_ENABLE_OBJC_ARC = YES;
				CLANG_ENABLE_OBJC_WEAK = YES;
				CLANG_WARN_BLOCK_CAPTURE_AUTORELEASING = YES;
				CLANG_WARN_BOOL_CONVERSION = YES;
				CLANG_WARN_COMMA = YES;
				CLANG_WARN_CONSTANT_CONVERSION = YES;
				CLANG_WARN_DEPRECATED_OBJC_IMPLEMENTATIONS = YES;
				CLANG_WARN_DIRECT_OBJC_ISA_USAGE = YES_ERROR;
				CLANG_WARN_DOCUMENTATION_COMMENTS = YES;
				CLANG_WARN_EMPTY_BODY = YES;
				CLANG_WARN_ENUM_CONVERSION = YES;
				CLANG_WARN_INFINITE_RECURSION = YES;
				CLANG_WARN_INT_CONVERSION = YES;
				CLANG_WARN_NON_LITERAL_NULL_CONVERSION = YES;
				CLANG_WARN_OBJC_IMPLICIT_RETAIN_SELF = YES;
				CLANG_WARN_OBJC_LITERAL_CONVERSION = YES;
				CLANG_WARN_OBJC_ROOT_CLASS = YES_ERROR;
				CLANG_WARN_QUOTED_INCLUDE_IN_FRAMEWORK_HEADER = YES;
				CLANG_WARN_RANGE_LOOP_ANALYSIS = YES;
				CLANG_WARN_STRICT_PROTOTYPES = YES;
				CLANG_WARN_SUSPICIOUS_MOVE = YES;
				CLANG_WARN_UNGUARDED_AVAILABILITY = YES_AGGRESSIVE;
				CLANG_WARN_UNREACHABLE_CODE = YES;
				CLANG_WARN__DUPLICATE_METHOD_MATCH = YES;
				COPY_PHASE_STRIP = NO;
				DEBUG_INFORMATION_FORMAT = dwarf;
				ENABLE_STRICT_OBJC_MSGSEND = YES;
				ENABLE_TESTABILITY = YES;
				GCC_C_LANGUAGE_STANDARD = gnu11;
				GCC_DYNAMIC_NO_PIC = NO;
				GCC_NO_COMMON_BLOCKS = YES;
				GCC_OPTIMIZATION_LEVEL = 0;
				GCC_PREPROCESSOR_DEFINITIONS = (
					"DEBUG=1",
					"$(inherited)",
				);
				GCC_WARN_64_TO_32_BIT_CONVERSION = YES;
				GCC_WARN_ABOUT_RETURN_TYPE = YES_ERROR;
				GCC_WARN_UNDECLARED_SELECTOR = YES;
				GCC_WARN_UNINITIALIZED_AUTOS = YES_AGGRESSIVE;
				GCC_WARN_UNUSED_FUNCTION = YES;
				GCC_WARN_UNUSED_VARIABLE = YES;
				IPHONEOS_DEPLOYMENT_TARGET = 16.4;
				MTL_ENABLE_DEBUG_INFO = INCLUDE_SOURCE;
				MTL_FAST_MATH = YES;
				ONLY_ACTIVE_ARCH = YES;
				SDKROOT = iphoneos;
				SWIFT_ACTIVE_COMPILATION_CONDITIONS = DEBUG;
				SWIFT_OPTIMIZATION_LEVEL = "-Onone";
			};
			name = Debug;
		};
		0CFA35EA2B5744A40035DCD9 /* Release */ = {
			isa = XCBuildConfiguration;
			buildSettings = {
				ALWAYS_SEARCH_USER_PATHS = NO;
				CLANG_ANALYZER_NONNULL = YES;
				CLANG_ANALYZER_NUMBER_OBJECT_CONVERSION = YES_AGGRESSIVE;
				CLANG_CXX_LANGUAGE_STANDARD = "gnu++20";
				CLANG_ENABLE_MODULES = YES;
				CLANG_ENABLE_OBJC_ARC = YES;
				CLANG_ENABLE_OBJC_WEAK = YES;
				CLANG_WARN_BLOCK_CAPTURE_AUTORELEASING = YES;
				CLANG_WARN_BOOL_CONVERSION = YES;
				CLANG_WARN_COMMA = YES;
				CLANG_WARN_CONSTANT_CONVERSION = YES;
				CLANG_WARN_DEPRECATED_OBJC_IMPLEMENTATIONS = YES;
				CLANG_WARN_DIRECT_OBJC_ISA_USAGE = YES_ERROR;
				CLANG_WARN_DOCUMENTATION_COMMENTS = YES;
				CLANG_WARN_EMPTY_BODY = YES;
				CLANG_WARN_ENUM_CONVERSION = YES;
				CLANG_WARN_INFINITE_RECURSION = YES;
				CLANG_WARN_INT_CONVERSION = YES;
				CLANG_WARN_NON_LITERAL_NULL_CONVERSION = YES;
				CLANG_WARN_OBJC_IMPLICIT_RETAIN_SELF = YES;
				CLANG_WARN_OBJC_LITERAL_CONVERSION = YES;
				CLANG_WARN_OBJC_ROOT_CLASS = YES_ERROR;
				CLANG_WARN_QUOTED_INCLUDE_IN_FRAMEWORK_HEADER = YES;
				CLANG_WARN_RANGE_LOOP_ANALYSIS = YES;
				CLANG_WARN_STRICT_PROTOTYPES = YES;
				CLANG_WARN_SUSPICIOUS_MOVE = YES;
				CLANG_WARN_UNGUARDED_AVAILABILITY = YES_AGGRESSIVE;
				CLANG_WARN_UNREACHABLE_CODE = YES;
				CLANG_WARN__DUPLICATE_METHOD_MATCH = YES;
				COPY_PHASE_STRIP = NO;
				DEBUG_INFORMATION_FORMAT = "dwarf-with-dsym";
				ENABLE_NS_ASSERTIONS = NO;
				ENABLE_STRICT_OBJC_MSGSEND = YES;
				GCC_C_LANGUAGE_STANDARD = gnu11;
				GCC_NO_COMMON_BLOCKS = YES;
				GCC_WARN_64_TO_32_BIT_CONVERSION = YES;
				GCC_WARN_ABOUT_RETURN_TYPE = YES_ERROR;
				GCC_WARN_UNDECLARED_SELECTOR = YES;
				GCC_WARN_UNINITIALIZED_AUTOS = YES_AGGRESSIVE;
				GCC_WARN_UNUSED_FUNCTION = YES;
				GCC_WARN_UNUSED_VARIABLE = YES;
				IPHONEOS_DEPLOYMENT_TARGET = 16.4;
				MTL_ENABLE_DEBUG_INFO = NO;
				MTL_FAST_MATH = YES;
				SDKROOT = iphoneos;
				SWIFT_COMPILATION_MODE = wholemodule;
				SWIFT_OPTIMIZATION_LEVEL = "-O";
				VALIDATE_PRODUCT = YES;
			};
			name = Release;
		};
		0CFA35EC2B5744A40035DCD9 /* Debug */ = {
			isa = XCBuildConfiguration;
			buildSettings = {
				ASSETCATALOG_COMPILER_APPICON_NAME = AppIcon;
				ASSETCATALOG_COMPILER_GLOBAL_ACCENT_COLOR_NAME = AccentColor;
				CODE_SIGN_STYLE = Automatic;
				CURRENT_PROJECT_VERSION = 1;
				DEVELOPMENT_ASSET_PATHS = "\"TodoList/Preview Content\"";
				ENABLE_PREVIEWS = YES;
				GENERATE_INFOPLIST_FILE = YES;
				INFOPLIST_KEY_UIApplicationSceneManifest_Generation = YES;
				INFOPLIST_KEY_UIApplicationSupportsIndirectInputEvents = YES;
				INFOPLIST_KEY_UILaunchScreen_Generation = YES;
				INFOPLIST_KEY_UISupportedInterfaceOrientations_iPad = "UIInterfaceOrientationPortrait UIInterfaceOrientationPortraitUpsideDown UIInterfaceOrientationLandscapeLeft UIInterfaceOrientationLandscapeRight";
				INFOPLIST_KEY_UISupportedInterfaceOrientations_iPhone = "UIInterfaceOrientationPortrait UIInterfaceOrientationLandscapeLeft UIInterfaceOrientationLandscapeRight";
				LD_RUNPATH_SEARCH_PATHS = (
					"$(inherited)",
					"@executable_path/Frameworks",
				);
				"LIBRARY_SEARCH_PATHS[arch=*]" = "$(PROJECT_DIR)/../../../target/universal/debug";
				MARKETING_VERSION = 1.0;
				PRODUCT_BUNDLE_IDENTIFIER = tech.forgen.TodoList;
				PRODUCT_NAME = "$(TARGET_NAME)";
				SWIFT_EMIT_LOC_STRINGS = YES;
				SWIFT_OBJC_BRIDGING_HEADER = "$(PROJECT_DIR)/BridgingHeader.h";
				SWIFT_VERSION = 5.0;
				TARGETED_DEVICE_FAMILY = "1,2";
			};
			name = Debug;
		};
		0CFA35ED2B5744A40035DCD9 /* Release */ = {
			isa = XCBuildConfiguration;
			buildSettings = {
				ASSETCATALOG_COMPILER_APPICON_NAME = AppIcon;
				ASSETCATALOG_COMPILER_GLOBAL_ACCENT_COLOR_NAME = AccentColor;
				CODE_SIGN_STYLE = Automatic;
				CURRENT_PROJECT_VERSION = 1;
				DEVELOPMENT_ASSET_PATHS = "\"TodoList/Preview Content\"";
				ENABLE_PREVIEWS = YES;
				GENERATE_INFOPLIST_FILE = YES;
				INFOPLIST_KEY_UIApplicationSceneManifest_Generation = YES;
				INFOPLIST_KEY_UIApplicationSupportsIndirectInputEvents = YES;
				INFOPLIST_KEY_UILaunchScreen_Generation = YES;
				INFOPLIST_KEY_UISupportedInterfaceOrientations_iPad = "UIInterfaceOrientationPortrait UIInterfaceOrientationPortraitUpsideDown UIInterfaceOrientationLandscapeLeft UIInterfaceOrientationLandscapeRight";
				INFOPLIST_KEY_UISupportedInterfaceOrientations_iPhone = "UIInterfaceOrientationPortrait UIInterfaceOrientationLandscapeLeft UIInterfaceOrientationLandscapeRight";
				LD_RUNPATH_SEARCH_PATHS = (
					"$(inherited)",
					"@executable_path/Frameworks",
				);
				"LIBRARY_SEARCH_PATHS[arch=*]" = "$(PROJECT_DIR)/../../../target/universal/release";
				MARKETING_VERSION = 1.0;
				PRODUCT_BUNDLE_IDENTIFIER = tech.forgen.TodoList;
				PRODUCT_NAME = "$(TARGET_NAME)";
				SWIFT_EMIT_LOC_STRINGS = YES;
				SWIFT_OBJC_BRIDGING_HEADER = "$(PROJECT_DIR)/BridgingHeader.h";
				SWIFT_VERSION = 5.0;
				TARGETED_DEVICE_FAMILY = "1,2";
			};
			name = Release;
		};
		0CFA35EF2B5744A40035DCD9 /* Debug */ = {
			isa = XCBuildConfiguration;
			buildSettings = {
				ALWAYS_EMBED_SWIFT_STANDARD_LIBRARIES = YES;
				BUNDLE_LOADER = "$(TEST_HOST)";
				CODE_SIGN_STYLE = Automatic;
				CURRENT_PROJECT_VERSION = 1;
				GENERATE_INFOPLIST_FILE = YES;
				IPHONEOS_DEPLOYMENT_TARGET = 16.4;
				MARKETING_VERSION = 1.0;
				PRODUCT_BUNDLE_IDENTIFIER = tech.forgen.TodoListTests;
				PRODUCT_NAME = "$(TARGET_NAME)";
				SWIFT_EMIT_LOC_STRINGS = NO;
				SWIFT_VERSION = 5.0;
				TARGETED_DEVICE_FAMILY = "1,2";
				TEST_HOST = "$(BUILT_PRODUCTS_DIR)/TodoList.app/$(BUNDLE_EXECUTABLE_FOLDER_PATH)/TodoList";
			};
			name = Debug;
		};
		0CFA35F02B5744A40035DCD9 /* Release */ = {
			isa = XCBuildConfiguration;
			buildSettings = {
				ALWAYS_EMBED_SWIFT_STANDARD_LIBRARIES = YES;
				BUNDLE_LOADER = "$(TEST_HOST)";
				CODE_SIGN_STYLE = Automatic;
				CURRENT_PROJECT_VERSION = 1;
				GENERATE_INFOPLIST_FILE = YES;
				IPHONEOS_DEPLOYMENT_TARGET = 16.4;
				MARKETING_VERSION = 1.0;
				PRODUCT_BUNDLE_IDENTIFIER = tech.forgen.TodoListTests;
				PRODUCT_NAME = "$(TARGET_NAME)";
				SWIFT_EMIT_LOC_STRINGS = NO;
				SWIFT_VERSION = 5.0;
				TARGETED_DEVICE_FAMILY = "1,2";
				TEST_HOST = "$(BUILT_PRODUCTS_DIR)/TodoList.app/$(BUNDLE_EXECUTABLE_FOLDER_PATH)/TodoList";
			};
			name = Release;
		};
		0CFA35F22B5744A40035DCD9 /* Debug */ = {
			isa = XCBuildConfiguration;
			buildSettings = {
				ALWAYS_EMBED_SWIFT_STANDARD_LIBRARIES = YES;
				CODE_SIGN_STYLE = Automatic;
				CURRENT_PROJECT_VERSION = 1;
				GENERATE_INFOPLIST_FILE = YES;
				MARKETING_VERSION = 1.0;
				PRODUCT_BUNDLE_IDENTIFIER = tech.forgen.TodoListUITests;
				PRODUCT_NAME = "$(TARGET_NAME)";
				SWIFT_EMIT_LOC_STRINGS = NO;
				SWIFT_VERSION = 5.0;
				TARGETED_DEVICE_FAMILY = "1,2";
				TEST_TARGET_NAME = TodoList;
			};
			name = Debug;
		};
		0CFA35F32B5744A40035DCD9 /* Release */ = {
			isa = XCBuildConfiguration;
			buildSettings = {
				ALWAYS_EMBED_SWIFT_STANDARD_LIBRARIES = YES;
				CODE_SIGN_STYLE = Automatic;
				CURRENT_PROJECT_VERSION = 1;
				GENERATE_INFOPLIST_FILE = YES;
				MARKETING_VERSION = 1.0;
				PRODUCT_BUNDLE_IDENTIFIER = tech.forgen.TodoListUITests;
				PRODUCT_NAME = "$(TARGET_NAME)";
				SWIFT_EMIT_LOC_STRINGS = NO;
				SWIFT_VERSION = 5.0;
				TARGETED_DEVICE_FAMILY = "1,2";
				TEST_TARGET_NAME = TodoList;
			};
			name = Release;
		};
/* End XCBuildConfiguration section */

/* Begin XCConfigurationList section */
		0CFA35C22B5744A30035DCD9 /* Build configuration list for PBXProject "TodoList" */ = {
			isa = XCConfigurationList;
			buildConfigurations = (
				0CFA35E92B5744A40035DCD9 /* Debug */,
				0CFA35EA2B5744A40035DCD9 /* Release */,
			);
			defaultConfigurationIsVisible = 0;
			defaultConfigurationName = Release;
		};
		0CFA35EB2B5744A40035DCD9 /* Build configuration list for PBXNativeTarget "TodoList" */ = {
			isa = XCConfigurationList;
			buildConfigurations = (
				0CFA35EC2B5744A40035DCD9 /* Debug */,
				0CFA35ED2B5744A40035DCD9 /* Release */,
			);
			defaultConfigurationIsVisible = 0;
			defaultConfigurationName = Release;
		};
		0CFA35EE2B5744A40035DCD9 /* Build configuration list for PBXNativeTarget "TodoListTests" */ = {
			isa = XCConfigurationList;
			buildConfigurations = (
				0CFA35EF2B5744A40035DCD9 /* Debug */,
				0CFA35F02B5744A40035DCD9 /* Release */,
			);
			defaultConfigurationIsVisible = 0;
			defaultConfigurationName = Release;
		};
		0CFA35F12B5744A40035DCD9 /* Build configuration list for PBXNativeTarget "TodoListUITests" */ = {
			isa = XCConfigurationList;
			buildConfigurations = (
				0CFA35F22B5744A40035DCD9 /* Debug */,
				0CFA35F32B5744A40035DCD9 /* Release */,
			);
			defaultConfigurationIsVisible = 0;
			defaultConfigurationName = Release;
		};
/* End XCConfigurationList section */
	};
	rootObject = 0CFA35BF2B5744A30035DCD9 /* Project object */;
}
